<?xml version="1.0" encoding="utf-8"?>
<Project ToolsVersion="4.0" xmlns="http://schemas.microsoft.com/developer/msbuild/2003">
  <ItemGroup>
    <Filter Include="Base">
      <UniqueIdentifier>{ebbf633e-9b41-4fec-b5b8-06146dac4796}</UniqueIdentifier>
    </Filter>
    <Filter Include="States">
      <UniqueIdentifier>{0bec2927-8fa8-41d5-ac48-0b06f75a93a7}</UniqueIdentifier>
    </Filter>
    <Filter Include="Gui">
      <UniqueIdentifier>{211d5add-7065-42c4-bd21-d0da6746192b}</UniqueIdentifier>
    </Filter>
    <Filter Include="Gui\Headers">
      <UniqueIdentifier>{2e09a688-5a98-4462-b05f-6206e9a9e48a}</UniqueIdentifier>
    </Filter>
    <Filter Include="States\Headers">
      <UniqueIdentifier>{e5cc12e8-8244-4852-a6cb-80d12fce6eb6}</UniqueIdentifier>
    </Filter>
    <Filter Include="Base\Headers">
      <UniqueIdentifier>{20e8c2de-d7f7-45e0-bb4a-6155e9615bba}</UniqueIdentifier>
    </Filter>
  </ItemGroup>
  <ItemGroup>
    <ClCompile Include="src\Soy.cpp">
      <Filter>Base</Filter>
    </ClCompile>
    <ClCompile Include="src\pch.cpp">
      <Filter>Base</Filter>
    </ClCompile>
    <ClCompile Include="src\Log.cpp">
      <Filter>Base</Filter>
    </ClCompile>
    <ClCompile Include="src\Game.cpp">
      <Filter>Base</Filter>
    </ClCompile>
    <ClCompile Include="src\State.cpp">
      <Filter>States</Filter>
    </ClCompile>
    <ClCompile Include="src\MainMenuState.cpp">
      <Filter>States</Filter>
    </ClCompile>
    <ClCompile Include="src\GuiItem.cpp">
      <Filter>Gui</Filter>
    </ClCompile>
    <ClCompile Include="src\TextButton.cpp">
      <Filter>Gui</Filter>
    </ClCompile>
    <ClCompile Include="src\Gui.cpp">
      <Filter>Gui</Filter>
    </ClCompile>
    <ClCompile Include="src\Button.cpp">
      <Filter>Gui</Filter>
    </ClCompile>
    <ClCompile Include="src\Selector.cpp">
      <Filter>Gui</Filter>
    </ClCompile>
    <ClCompile Include="src\SpriteButton.cpp">
      <Filter>Gui</Filter>
    </ClCompile>
    <ClCompile Include="src\GuiSprite.cpp">
      <Filter>Gui</Filter>
    </ClCompile>
    <ClCompile Include="src\GuiContainer.cpp">
      <Filter>Gui</Filter>
    </ClCompile>
  </ItemGroup>
  <ItemGroup>
    <ClInclude Include="src\TextButton.h">
      <Filter>Gui\Headers</Filter>
    </ClInclude>
    <ClInclude Include="src\SpriteButton.h">
      <Filter>Gui\Headers</Filter>
    </ClInclude>
    <ClInclude Include="src\Selector.h">
      <Filter>Gui\Headers</Filter>
    </ClInclude>
    <ClInclude Include="src\GuiItem.h">
      <Filter>Gui\Headers</Filter>
    </ClInclude>
    <ClInclude Include="src\Gui.h">
      <Filter>Gui\Headers</Filter>
    </ClInclude>
    <ClInclude Include="src\Button.h">
      <Filter>Gui\Headers</Filter>
    </ClInclude>
    <ClInclude Include="src\MainMenuState.h">
      <Filter>States\Headers</Filter>
    </ClInclude>
    <ClInclude Include="src\State.h">
      <Filter>States\Headers</Filter>
    </ClInclude>
    <ClInclude Include="src\pch.h">
      <Filter>Base\Headers</Filter>
    </ClInclude>
    <ClInclude Include="src\Log.h">
      <Filter>Base\Headers</Filter>
    </ClInclude>
    <ClInclude Include="src\Game.h">
      <Filter>Base\Headers</Filter>
    </ClInclude>
    <ClInclude Include="src\GuiSprite.h">
      <Filter>Gui\Headers</Filter>
    </ClInclude>
    <ClInclude Include="src\GuiContainer.h">
      <Filter>Gui\Headers</Filter>
    </ClInclude>
  </ItemGroup>
</Project>